
Microsoft Visual Studio Solution File, Format Version 12.00
# Visual Studio Version 17
VisualStudioVersion = 17.0.31903.59
MinimumVisualStudioVersion = 10.0.40219.1
Project("{2150E333-8FDC-42A3-9474-1A3956D46DE8}") = "src", "src", "{827E0CD3-B72D-47B6-A68D-7590B98EB39B}"
EndProject
Project("{FAE04EC0-301F-11D3-BF4B-00C04F79EFBC}") = "Core", "src\Core\Core.csproj", "{CABBCFE9-824E-4AE4-9791-16B1E6FD9BC1}"
EndProject
Project("{FAE04EC0-301F-11D3-BF4B-00C04F79EFBC}") = "Application", "src\Application\Application.csproj", "{AEBB5EDE-5A5B-4780-BC4E-BF88DA90A8AB}"
EndProject
Project("{FAE04EC0-301F-11D3-BF4B-00C04F79EFBC}") = "Infrastructure", "src\Infrastructure\Infrastructure.csproj", "{CCA9006A-9D61-4E69-AABB-6EE98CC87342}"
EndProject
Project("{FAE04EC0-301F-11D3-BF4B-00C04F79EFBC}") = "API", "src\API\API.csproj", "{79AD8601-2E76-4D1B-B873-830C01BF25F7}"
EndProject
Project("{FAE04EC0-301F-11D3-BF4B-00C04F79EFBC}") = "Core.UnitTests", "tests\Core.UnitTests\Core.UnitTests.csproj", "{29BB2441-807A-4A04-8226-3E7BD7F64F13}"
EndProject
Project("{FAE04EC0-301F-11D3-BF4B-00C04F79EFBC}") = "Application.UnitTests", "tests\Application.UnitTests\Application.UnitTests.csproj", "{F8FB220F-4150-4CD2-A6CE-985CD912F18B}"
EndProject
Project("{FAE04EC0-301F-11D3-BF4B-00C04F79EFBC}") = "API.IntegrationTests", "tests\API.IntegrationTests\API.IntegrationTests.csproj", "{771FC848-B9D6-475C-92C1-AD072216A631}"
EndProject
Global
	GlobalSection(SolutionConfigurationPlatforms) = preSolution
		Debug|Any CPU = Debug|Any CPU
		Debug|x64 = Debug|x64
		Debug|x86 = Debug|x86
		Release|Any CPU = Release|Any CPU
		Release|x64 = Release|x64
		Release|x86 = Release|x86
	EndGlobalSection
	GlobalSection(ProjectConfigurationPlatforms) = postSolution
		{CABBCFE9-824E-4AE4-9791-16B1E6FD9BC1}.Debug|Any CPU.ActiveCfg = Debug|Any CPU
		{CABBCFE9-824E-4AE4-9791-16B1E6FD9BC1}.Debug|Any CPU.Build.0 = Debug|Any CPU
		{CABBCFE9-824E-4AE4-9791-16B1E6FD9BC1}.Debug|x64.ActiveCfg = Debug|Any CPU
		{CABBCFE9-824E-4AE4-9791-16B1E6FD9BC1}.Debug|x64.Build.0 = Debug|Any CPU
		{CABBCFE9-824E-4AE4-9791-16B1E6FD9BC1}.Debug|x86.ActiveCfg = Debug|Any CPU
		{CABBCFE9-824E-4AE4-9791-16B1E6FD9BC1}.Debug|x86.Build.0 = Debug|Any CPU
		{CABBCFE9-824E-4AE4-9791-16B1E6FD9BC1}.Release|Any CPU.ActiveCfg = Release|Any CPU
		{CABBCFE9-824E-4AE4-9791-16B1E6FD9BC1}.Release|Any CPU.Build.0 = Release|Any CPU
		{CABBCFE9-824E-4AE4-9791-16B1E6FD9BC1}.Release|x64.ActiveCfg = Release|Any CPU
		{CABBCFE9-824E-4AE4-9791-16B1E6FD9BC1}.Release|x64.Build.0 = Release|Any CPU
		{CABBCFE9-824E-4AE4-9791-16B1E6FD9BC1}.Release|x86.ActiveCfg = Release|Any CPU
		{CABBCFE9-824E-4AE4-9791-16B1E6FD9BC1}.Release|x86.Build.0 = Release|Any CPU
		{AEBB5EDE-5A5B-4780-BC4E-BF88DA90A8AB}.Debug|Any CPU.ActiveCfg = Debug|Any CPU
		{AEBB5EDE-5A5B-4780-BC4E-BF88DA90A8AB}.Debug|Any CPU.Build.0 = Debug|Any CPU
		{AEBB5EDE-5A5B-4780-BC4E-BF88DA90A8AB}.Debug|x64.ActiveCfg = Debug|Any CPU
		{AEBB5EDE-5A5B-4780-BC4E-BF88DA90A8AB}.Debug|x64.Build.0 = Debug|Any CPU
		{AEBB5EDE-5A5B-4780-BC4E-BF88DA90A8AB}.Debug|x86.ActiveCfg = Debug|Any CPU
		{AEBB5EDE-5A5B-4780-BC4E-BF88DA90A8AB}.Debug|x86.Build.0 = Debug|Any CPU
		{AEBB5EDE-5A5B-4780-BC4E-BF88DA90A8AB}.Release|Any CPU.ActiveCfg = Release|Any CPU
		{AEBB5EDE-5A5B-4780-BC4E-BF88DA90A8AB}.Release|Any CPU.Build.0 = Release|Any CPU
		{AEBB5EDE-5A5B-4780-BC4E-BF88DA90A8AB}.Release|x64.ActiveCfg = Release|Any CPU
		{AEBB5EDE-5A5B-4780-BC4E-BF88DA90A8AB}.Release|x64.Build.0 = Release|Any CPU
		{AEBB5EDE-5A5B-4780-BC4E-BF88DA90A8AB}.Release|x86.ActiveCfg = Release|Any CPU
		{AEBB5EDE-5A5B-4780-BC4E-BF88DA90A8AB}.Release|x86.Build.0 = Release|Any CPU
		{CCA9006A-9D61-4E69-AABB-6EE98CC87342}.Debug|Any CPU.ActiveCfg = Debug|Any CPU
		{CCA9006A-9D61-4E69-AABB-6EE98CC87342}.Debug|Any CPU.Build.0 = Debug|Any CPU
		{CCA9006A-9D61-4E69-AABB-6EE98CC87342}.Debug|x64.ActiveCfg = Debug|Any CPU
		{CCA9006A-9D61-4E69-AABB-6EE98CC87342}.Debug|x64.Build.0 = Debug|Any CPU
		{CCA9006A-9D61-4E69-AABB-6EE98CC87342}.Debug|x86.ActiveCfg = Debug|Any CPU
		{CCA9006A-9D61-4E69-AABB-6EE98CC87342}.Debug|x86.Build.0 = Debug|Any CPU
		{CCA9006A-9D61-4E69-AABB-6EE98CC87342}.Release|Any CPU.ActiveCfg = Release|Any CPU
		{CCA9006A-9D61-4E69-AABB-6EE98CC87342}.Release|Any CPU.Build.0 = Release|Any CPU
		{CCA9006A-9D61-4E69-AABB-6EE98CC87342}.Release|x64.ActiveCfg = Release|Any CPU
		{CCA9006A-9D61-4E69-AABB-6EE98CC87342}.Release|x64.Build.0 = Release|Any CPU
		{CCA9006A-9D61-4E69-AABB-6EE98CC87342}.Release|x86.ActiveCfg = Release|Any CPU
		{CCA9006A-9D61-4E69-AABB-6EE98CC87342}.Release|x86.Build.0 = Release|Any CPU
		{79AD8601-2E76-4D1B-B873-830C01BF25F7}.Debug|Any CPU.ActiveCfg = Debug|Any CPU
		{79AD8601-2E76-4D1B-B873-830C01BF25F7}.Debug|Any CPU.Build.0 = Debug|Any CPU
		{79AD8601-2E76-4D1B-B873-830C01BF25F7}.Debug|x64.ActiveCfg = Debug|Any CPU
		{79AD8601-2E76-4D1B-B873-830C01BF25F7}.Debug|x64.Build.0 = Debug|Any CPU
		{79AD8601-2E76-4D1B-B873-830C01BF25F7}.Debug|x86.ActiveCfg = Debug|Any CPU
		{79AD8601-2E76-4D1B-B873-830C01BF25F7}.Debug|x86.Build.0 = Debug|Any CPU
		{79AD8601-2E76-4D1B-B873-830C01BF25F7}.Release|Any CPU.ActiveCfg = Release|Any CPU
		{79AD8601-2E76-4D1B-B873-830C01BF25F7}.Release|Any CPU.Build.0 = Release|Any CPU
		{79AD8601-2E76-4D1B-B873-830C01BF25F7}.Release|x64.ActiveCfg = Release|Any CPU
		{79AD8601-2E76-4D1B-B873-830C01BF25F7}.Release|x64.Build.0 = Release|Any CPU
		{79AD8601-2E76-4D1B-B873-830C01BF25F7}.Release|x86.ActiveCfg = Release|Any CPU
		{79AD8601-2E76-4D1B-B873-830C01BF25F7}.Release|x86.Build.0 = Release|Any CPU
		{29BB2441-807A-4A04-8226-3E7BD7F64F13}.Debug|Any CPU.ActiveCfg = Debug|Any CPU
		{29BB2441-807A-4A04-8226-3E7BD7F64F13}.Debug|Any CPU.Build.0 = Debug|Any CPU
		{29BB2441-807A-4A04-8226-3E7BD7F64F13}.Debug|x64.ActiveCfg = Debug|Any CPU
		{29BB2441-807A-4A04-8226-3E7BD7F64F13}.Debug|x64.Build.0 = Debug|Any CPU
		{29BB2441-807A-4A04-8226-3E7BD7F64F13}.Debug|x86.ActiveCfg = Debug|Any CPU
		{29BB2441-807A-4A04-8226-3E7BD7F64F13}.Debug|x86.Build.0 = Debug|Any CPU
		{29BB2441-807A-4A04-8226-3E7BD7F64F13}.Release|Any CPU.ActiveCfg = Release|Any CPU
		{29BB2441-807A-4A04-8226-3E7BD7F64F13}.Release|Any CPU.Build.0 = Release|Any CPU
		{29BB2441-807A-4A04-8226-3E7BD7F64F13}.Release|x64.ActiveCfg = Release|Any CPU
		{29BB2441-807A-4A04-8226-3E7BD7F64F13}.Release|x64.Build.0 = Release|Any CPU
		{29BB2441-807A-4A04-8226-3E7BD7F64F13}.Release|x86.ActiveCfg = Release|Any CPU
		{29BB2441-807A-4A04-8226-3E7BD7F64F13}.Release|x86.Build.0 = Release|Any CPU
		{F8FB220F-4150-4CD2-A6CE-985CD912F18B}.Debug|Any CPU.ActiveCfg = Debug|Any CPU
		{F8FB220F-4150-4CD2-A6CE-985CD912F18B}.Debug|Any CPU.Build.0 = Debug|Any CPU
		{F8FB220F-4150-4CD2-A6CE-985CD912F18B}.Debug|x64.ActiveCfg = Debug|Any CPU
		{F8FB220F-4150-4CD2-A6CE-985CD912F18B}.Debug|x64.Build.0 = Debug|Any CPU
		{F8FB220F-4150-4CD2-A6CE-985CD912F18B}.Debug|x86.ActiveCfg = Debug|Any CPU
		{F8FB220F-4150-4CD2-A6CE-985CD912F18B}.Debug|x86.Build.0 = Debug|Any CPU
		{F8FB220F-4150-4CD2-A6CE-985CD912F18B}.Release|Any CPU.ActiveCfg = Release|Any CPU
		{F8FB220F-4150-4CD2-A6CE-985CD912F18B}.Release|Any CPU.Build.0 = Release|Any CPU
		{F8FB220F-4150-4CD2-A6CE-985CD912F18B}.Release|x64.ActiveCfg = Release|Any CPU
		{F8FB220F-4150-4CD2-A6CE-985CD912F18B}.Release|x64.Build.0 = Release|Any CPU
		{F8FB220F-4150-4CD2-A6CE-985CD912F18B}.Release|x86.ActiveCfg = Release|Any CPU
		{F8FB220F-4150-4CD2-A6CE-985CD912F18B}.Release|x86.Build.0 = Release|Any CPU
		{771FC848-B9D6-475C-92C1-AD072216A631}.Debug|Any CPU.ActiveCfg = Debug|Any CPU
		{771FC848-B9D6-475C-92C1-AD072216A631}.Debug|Any CPU.Build.0 = Debug|Any CPU
		{771FC848-B9D6-475C-92C1-AD072216A631}.Debug|x64.ActiveCfg = Debug|Any CPU
		{771FC848-B9D6-475C-92C1-AD072216A631}.Debug|x64.Build.0 = Debug|Any CPU
		{771FC848-B9D6-475C-92C1-AD072216A631}.Debug|x86.ActiveCfg = Debug|Any CPU
		{771FC848-B9D6-475C-92C1-AD072216A631}.Debug|x86.Build.0 = Debug|Any CPU
		{771FC848-B9D6-475C-92C1-AD072216A631}.Release|Any CPU.ActiveCfg = Release|Any CPU
		{771FC848-B9D6-475C-92C1-AD072216A631}.Release|Any CPU.Build.0 = Release|Any CPU
		{771FC848-B9D6-475C-92C1-AD072216A631}.Release|x64.ActiveCfg = Release|Any CPU
		{771FC848-B9D6-475C-92C1-AD072216A631}.Release|x64.Build.0 = Release|Any CPU
		{771FC848-B9D6-475C-92C1-AD072216A631}.Release|x86.ActiveCfg = Release|Any CPU
		{771FC848-B9D6-475C-92C1-AD072216A631}.Release|x86.Build.0 = Release|Any CPU
	EndGlobalSection
	GlobalSection(SolutionProperties) = preSolution
		HideSolutionNode = FALSE
	EndGlobalSection
	GlobalSection(NestedProjects) = preSolution
		{CABBCFE9-824E-4AE4-9791-16B1E6FD9BC1} = {827E0CD3-B72D-47B6-A68D-7590B98EB39B}
		{AEBB5EDE-5A5B-4780-BC4E-BF88DA90A8AB} = {827E0CD3-B72D-47B6-A68D-7590B98EB39B}
		{CCA9006A-9D61-4E69-AABB-6EE98CC87342} = {827E0CD3-B72D-47B6-A68D-7590B98EB39B}
		{79AD8601-2E76-4D1B-B873-830C01BF25F7} = {827E0CD3-B72D-47B6-A68D-7590B98EB39B}
		{29BB2441-807A-4A04-8226-3E7BD7F64F13} = {827E0CD3-B72D-47B6-A68D-7590B98EB39B}
		{F8FB220F-4150-4CD2-A6CE-985CD912F18B} = {827E0CD3-B72D-47B6-A68D-7590B98EB39B}
		{771FC848-B9D6-475C-92C1-AD072216A631} = {827E0CD3-B72D-47B6-A68D-7590B98EB39B}
	EndGlobalSection
EndGlobal
